
Microsoft Visual Studio Solution File, Format Version 12.00
# Visual Studio 15
VisualStudioVersion = 15.0.28307.1259
MinimumVisualStudioVersion = 10.0.40219.1
Project("{FAE04EC0-301F-11D3-BF4B-00C04F79EFBC}") = "OnlineShop", "OnlineShop\OnlineShop.csproj", "{36F99198-1D2C-4F55-8B85-F7E8E92E01DE}"
EndProject
Global
	GlobalSection(SolutionConfigurationPlatforms) = preSolution
		Debug|Any CPU = Debug|Any CPU
		Release|Any CPU = Release|Any CPU
	EndGlobalSection
	GlobalSection(ProjectConfigurationPlatforms) = postSolution
		{36F99198-1D2C-4F55-8B85-F7E8E92E01DE}.Debug|Any CPU.ActiveCfg = Debug|Any CPU
		{36F99198-1D2C-4F55-8B85-F7E8E92E01DE}.Debug|Any CPU.Build.0 = Debug|Any CPU
		{36F99198-1D2C-4F55-8B85-F7E8E92E01DE}.Release|Any CPU.ActiveCfg = Release|Any CPU
		{36F99198-1D2C-4F55-8B85-F7E8E92E01DE}.Release|Any CPU.Build.0 = Release|Any CPU
	EndGlobalSection
	GlobalSection(SolutionProperties) = preSolution
		HideSolutionNode = FALSE
	EndGlobalSection
	GlobalSection(ExtensibilityGlobals) = postSolution
		SolutionGuid = {B3014F6A-B56C-4E80-BACA-60566F02BF84}
	EndGlobalSection
EndGlobal
